// !$*UTF8*$!
{
	archiveVersion = 1;
	classes = {
	};
	objectVersion = 48;
	objects = {

/* Begin PBXBuildFile section */
		776717151FF5B4A1009BE15D /* AppDelegate.swift in Sources */ = {isa = PBXBuildFile; fileRef = 776717141FF5B4A1009BE15D /* AppDelegate.swift */; };
		776717171FF5B4A1009BE15D /* ViewController.swift in Sources */ = {isa = PBXBuildFile; fileRef = 776717161FF5B4A1009BE15D /* ViewController.swift */; };
		7767171A1FF5B4A1009BE15D /* Main.storyboard in Resources */ = {isa = PBXBuildFile; fileRef = 776717181FF5B4A1009BE15D /* Main.storyboard */; };
		7767171C1FF5B4A1009BE15D /* Assets.xcassets in Resources */ = {isa = PBXBuildFile; fileRef = 7767171B1FF5B4A1009BE15D /* Assets.xcassets */; };
		7767171F1FF5B4A1009BE15D /* LaunchScreen.storyboard in Resources */ = {isa = PBXBuildFile; fileRef = 7767171D1FF5B4A1009BE15D /* LaunchScreen.storyboard */; };
/* End PBXBuildFile section */

/* Begin PBXFileReference section */
		776717111FF5B4A1009BE15D /* gitHubFun.app */ = {isa = PBXFileReference; explicitFileType = wrapper.application; includeInIndex = 0; path = gitHubFun.app; sourceTree = BUILT_PRODUCTS_DIR; };
		776717141FF5B4A1009BE15D /* AppDelegate.swift */ = {isa = PBXFileReference; lastKnownFileType = sourcecode.swift; path = AppDelegate.swift; sourceTree = "<group>"; };
		776717161FF5B4A1009BE15D /* ViewController.swift */ = {isa = PBXFileReference; lastKnownFileType = sourcecode.swift; path = ViewController.swift; sourceTree = "<group>"; };
		776717191FF5B4A1009BE15D /* Base */ = {isa = PBXFileReference; lastKnownFileType = file.storyboard; name = Base; path = Base.lproj/Main.storyboard; sourceTree = "<group>"; };
		7767171B1FF5B4A1009BE15D /* Assets.xcassets */ = {isa = PBXFileReference; lastKnownFileType = folder.assetcatalog; path = Assets.xcassets; sourceTree = "<group>"; };
		7767171E1FF5B4A1009BE15D /* Base */ = {isa = PBXFileReference; lastKnownFileType = file.storyboard; name = Base; path = Base.lproj/LaunchScreen.storyboard; sourceTree = "<group>"; };
		776717201FF5B4A1009BE15D /* Info.plist */ = {isa = PBXFileReference; lastKnownFileType = text.plist.xml; path = Info.plist; sourceTree = "<group>"; };
/* End PBXFileReference section */

/* Begin PBXFrameworksBuildPhase section */
		7767170E1FF5B4A1009BE15D /* Frameworks */ = {
			isa = PBXFrameworksBuildPhase;
			buildActionMask = 2147483647;
			files = (
			);
			runOnlyForDeploymentPostprocessing = 0;
		};
/* End PBXFrameworksBuildPhase section */

/* Begin PBXGroup section */
		776717081FF5B4A1009BE15D = {
			isa = PBXGroup;
			children = (
				776717131FF5B4A1009BE15D /* gitHubFun */,
				776717121FF5B4A1009BE15D /* Products */,
			);
			sourceTree = "<group>";
		};
		776717121FF5B4A1009BE15D /* Products */ = {
			isa = PBXGroup;
			children = (
				776717111FF5B4A1009BE15D /* gitHubFun.app */,
			);
			name = Products;
			sourceTree = "<group>";
		};
		776717131FF5B4A1009BE15D /* gitHubFun */ = {
			isa = PBXGroup;
			children = (
				776717141FF5B4A1009BE15D /* AppDelegate.swift */,
				776717161FF5B4A1009BE15D /* ViewController.swift */,
				776717181FF5B4A1009BE15D /* Main.storyboard */,
				7767171B1FF5B4A1009BE15D /* Assets.xcassets */,
				7767171D1FF5B4A1009BE15D /* LaunchScreen.storyboard */,
				776717201FF5B4A1009BE15D /* Info.plist */,
			);
			path = gitHubFun;
			sourceTree = "<group>";
		};
/* End PBXGroup section */

/* Begin PBXNativeTarget section */
		776717101FF5B4A1009BE15D /* gitHubFun */ = {
			isa = PBXNativeTarget;
			buildConfigurationList = 776717231FF5B4A1009BE15D /* Build configuration list for PBXNativeTarget "gitHubFun" */;
			buildPhases = (
				7767170D1FF5B4A1009BE15D /* Sources */,
				7767170E1FF5B4A1009BE15D /* Frameworks */,
				7767170F1FF5B4A1009BE15D /* Resources */,
			);
			buildRules = (
			);
			dependencies = (
			);
			name = gitHubFun;
			productName = gitHubFun;
			productReference = 776717111FF5B4A1009BE15D /* gitHubFun.app */;
			productType = "com.apple.product-type.application";
		};
/* End PBXNativeTarget section */

/* Begin PBXProject section */
		776717091FF5B4A1009BE15D /* Project object */ = {
			isa = PBXProject;
			attributes = {
				LastSwiftUpdateCheck = 0920;
				LastUpgradeCheck = 0920;
				ORGANIZATIONNAME = "Bharadwaj Ambati";
				TargetAttributes = {
					776717101FF5B4A1009BE15D = {
						CreatedOnToolsVersion = 9.2;
						ProvisioningStyle = Automatic;
					};
				};
			};
			buildConfigurationList = 7767170C1FF5B4A1009BE15D /* Build configuration list for PBXProject "gitHubFun" */;
			compatibilityVersion = "Xcode 8.0";
			developmentRegion = en;
			hasScannedForEncodings = 0;
			knownRegions = (
				en,
				Base,
			);
			mainGroup = 776717081FF5B4A1009BE15D;
			productRefGroup = 776717121FF5B4A1009BE15D /* Products */;
			projectDirPath = "";
			projectRoot = "";
			targets = (
				776717101FF5B4A1009BE15D /* gitHubFun */,
			);
		};
/* End PBXProject section */

/* Begin PBXResourcesBuildPhase section */
		7767170F1FF5B4A1009BE15D /* Resources */ = {
			isa = PBXResourcesBuildPhase;
			buildActionMask = 2147483647;
			files = (
				7767171F1FF5B4A1009BE15D /* LaunchScreen.storyboard in Resources */,
				7767171C1FF5B4A1009BE15D /* Assets.xcassets in Resources */,
				7767171A1FF5B4A1009BE15D /* Main.storyboard in Resources */,
			);
			runOnlyForDeploymentPostprocessing = 0;
		};
/* End PBXResourcesBuildPhase section */

/* Begin PBXSourcesBuildPhase section */
		7767170D1FF5B4A1009BE15D /* Sources */ = {
			isa = PBXSourcesBuildPhase;
			buildActionMask = 2147483647;
			files = (
				776717171FF5B4A1009BE15D /* ViewController.swift in Sources */,
				776717151FF5B4A1009BE15D /* AppDelegate.swift in Sources */,
			);
			runOnlyForDeploymentPostprocessing = 0;
		};
/* End PBXSourcesBuildPhase section */

/* Begin PBXVariantGroup section */
		776717181FF5B4A1009BE15D /* Main.storyboard */ = {
			isa = PBXVariantGroup;
			children = (
				776717191FF5B4A1009BE15D /* Base */,
			);
			name = Main.storyboard;
			sourceTree = "<group>";
		};
		7767171D1FF5B4A1009BE15D /* LaunchScreen.storyboard */ = {
			isa = PBXVariantGroup;
			children = (
				7767171E1FF5B4A1009BE15D /* Base */,
			);
			name = LaunchScreen.storyboard;
			sourceTree = "<group>";
		};
/* End PBXVariantGroup section */

/* Begin XCBuildConfiguration section */
		776717211FF5B4A1009BE15D /* Debug */ = {
			isa = XCBuildConfiguration;
			buildSettings = {
				ALWAYS_SEARCH_USER_PATHS = NO;
				CLANG_ANALYZER_NONNULL = YES;
				CLANG_ANALYZER_NUMBER_OBJECT_CONVERSION = YES_AGGRESSIVE;
				CLANG_CXX_LANGUAGE_STANDARD = "gnu++14";
				CLANG_CXX_LIBRARY = "libc++";
				CLANG_ENABLE_MODULES = YES;
				CLANG_ENABLE_OBJC_ARC = YES;
				CLANG_WARN_BLOCK_CAPTURE_AUTORELEASING = YES;
				CLANG_WARN_BOOL_CONVERSION = YES;
				CLANG_WARN_COMMA = YES;
				CLANG_WARN_CONSTANT_CONVERSION = YES;
				CLANG_WARN_DIRECT_OBJC_ISA_USAGE = YES_ERROR;
				CLANG_WARN_DOCUMENTATION_COMMENTS = YES;
				CLANG_WARN_EMPTY_BODY = YES;
				CLANG_WARN_ENUM_CONVERSION = YES;
				CLANG_WARN_INFINITE_RECURSION = YES;
				CLANG_WARN_INT_CONVERSION = YES;
				CLANG_WARN_NON_LITERAL_NULL_CONVERSION = YES;
				CLANG_WARN_OBJC_LITERAL_CONVERSION = YES;
				CLANG_WARN_OBJC_ROOT_CLASS = YES_ERROR;
				CLANG_WARN_RANGE_LOOP_ANALYSIS = YES;
				CLANG_WARN_STRICT_PROTOTYPES = YES;
				CLANG_WARN_SUSPICIOUS_MOVE = YES;
				CLANG_WARN_UNGUARDED_AVAILABILITY = YES_AGGRESSIVE;
				CLANG_WARN_UNREACHABLE_CODE = YES;
				CLANG_WARN__DUPLICATE_METHOD_MATCH = YES;
				CODE_SIGN_IDENTITY = "iPhone Developer";
				COPY_PHASE_STRIP = NO;
				DEBUG_INFORMATION_FORMAT = dwarf;
				ENABLE_STRICT_OBJC_MSGSEND = YES;
				ENABLE_TESTABILITY = YES;
				GCC_C_LANGUAGE_STANDARD = gnu11;
				GCC_DYNAMIC_NO_PIC = NO;
				GCC_NO_COMMON_BLOCKS = YES;
				GCC_OPTIMIZATION_LEVEL = 0;
				GCC_PREPROCESSOR_DEFINITIONS = (
					"DEBUG=1",
					"$(inherited)",
				);
				GCC_WARN_64_TO_32_BIT_CONVERSION = YES;
				GCC_WARN_ABOUT_RETURN_TYPE = YES_ERROR;
				GCC_WARN_UNDECLARED_SELECTOR = YES;
				GCC_WARN_UNINITIALIZED_AUTOS = YES_AGGRESSIVE;
				GCC_WARN_UNUSED_FUNCTION = YES;
				GCC_WARN_UNUSED_VARIABLE = YES;
				IPHONEOS_DEPLOYMENT_TARGET = 11.2;
				MTL_ENABLE_DEBUG_INFO = YES;
				ONLY_ACTIVE_ARCH = YES;
				SDKROOT = iphoneos;
				SWIFT_ACTIVE_COMPILATION_CONDITIONS = DEBUG;
				SWIFT_OPTIMIZATION_LEVEL = "-Onone";
			};
			name = Debug;
		};
		776717221FF5B4A1009BE15D /* Release */ = {
			isa = XCBuildConfiguration;
			buildSettings = {
				ALWAYS_SEARCH_USER_PATHS = NO;
				CLANG_ANALYZER_NONNULL = YES;
				CLANG_ANALYZER_NUMBER_OBJECT_CONVERSION = YES_AGGRESSIVE;
				CLANG_CXX_LANGUAGE_STANDARD = "gnu++14";
				CLANG_CXX_LIBRARY = "libc++";
				CLANG_ENABLE_MODULES = YES;
				CLANG_ENABLE_OBJC_ARC = YES;
				CLANG_WARN_BLOCK_CAPTURE_AUTORELEASING = YES;
				CLANG_WARN_BOOL_CONVERSION = YES;
				CLANG_WARN_COMMA = YES;
				CLANG_WARN_CONSTANT_CONVERSION = YES;
				CLANG_WARN_DIRECT_OBJC_ISA_USAGE = YES_ERROR;
				CLANG_WARN_DOCUMENTATION_COMMENTS = YES;
				CLANG_WARN_EMPTY_BODY = YES;
				CLANG_WARN_ENUM_CONVERSION = YES;
				CLANG_WARN_INFINITE_RECURSION = YES;
				CLANG_WARN_INT_CONVERSION = YES;
				CLANG_WARN_NON_LITERAL_NULL_CONVERSION = YES;
				CLANG_WARN_OBJC_LITERAL_CONVERSION = YES;
				CLANG_WARN_OBJC_ROOT_CLASS = YES_ERROR;
				CLANG_WARN_RANGE_LOOP_ANALYSIS = YES;
				CLANG_WARN_STRICT_PROTOTYPES = YES;
				CLANG_WARN_SUSPICIOUS_MOVE = YES;
				CLANG_WARN_UNGUARDED_AVAILABILITY = YES_AGGRESSIVE;
				CLANG_WARN_UNREACHABLE_CODE = YES;
				CLANG_WARN__DUPLICATE_METHOD_MATCH = YES;
				CODE_SIGN_IDENTITY = "iPhone Developer";
				COPY_PHASE_STRIP = NO;
				DEBUG_INFORMATION_FORMAT = "dwarf-with-dsym";
				ENABLE_NS_ASSERTIONS = NO;
				ENABLE_STRICT_OBJC_MSGSEND = YES;
				GCC_C_LANGUAGE_STANDARD = gnu11;
				GCC_NO_COMMON_BLOCKS = YES;
				GCC_WARN_64_TO_32_BIT_CONVERSION = YES;
				GCC_WARN_ABOUT_RETURN_TYPE = YES_ERROR;
				GCC_WARN_UNDECLARED_SELECTOR = YES;
				GCC_WARN_UNINITIALIZED_AUTOS = YES_AGGRESSIVE;
				GCC_WARN_UNUSED_FUNCTION = YES;
				GCC_WARN_UNUSED_VARIABLE = YES;
				IPHONEOS_DEPLOYMENT_TARGET = 11.2;
				MTL_ENABLE_DEBUG_INFO = NO;
				SDKROOT = iphoneos;
				SWIFT_OPTIMIZATION_LEVEL = "-Owholemodule";
				VALIDATE_PRODUCT = YES;
			};
			name = Release;
		};
		776717241FF5B4A1009BE15D /* Debug */ = {
			isa = XCBuildConfiguration;
			buildSettings = {
				ASSETCATALOG_COMPILER_APPICON_NAME = AppIcon;
				CODE_SIGN_STYLE = Automatic;
				INFOPLIST_FILE = gitHubFun/Info.plist;
				LD_RUNPATH_SEARCH_PATHS = "$(inherited) @executable_path/Frameworks";
				PRODUCT_BUNDLE_IDENTIFIER = bharadwajAmbati.gitHubFun;
				PRODUCT_NAME = "$(TARGET_NAME)";
				SWIFT_VERSION = 4.0;
				TARGETED_DEVICE_FAMILY = "1,2";
			};
			name = Debug;
		};
		776717251FF5B4A1009BE15D /* Release */ = {
			isa = XCBuildConfiguration;
			buildSettings = {
				ASSETCATALOG_COMPILER_APPICON_NAME = AppIcon;
				CODE_SIGN_STYLE = Automatic;
				INFOPLIST_FILE = gitHubFun/Info.plist;
				LD_RUNPATH_SEARCH_PATHS = "$(inherited) @executable_path/Frameworks";
				PRODUCT_BUNDLE_IDENTIFIER = bharadwajAmbati.gitHubFun;
				PRODUCT_NAME = "$(TARGET_NAME)";
				SWIFT_VERSION = 4.0;
				TARGETED_DEVICE_FAMILY = "1,2";
			};
			name = Release;
		};
/* End XCBuildConfiguration section */

/* Begin XCConfigurationList section */
		7767170C1FF5B4A1009BE15D /* Build configuration list for PBXProject "gitHubFun" */ = {
			isa = XCConfigurationList;
			buildConfigurations = (
				776717211FF5B4A1009BE15D /* Debug */,
				776717221FF5B4A1009BE15D /* Release */,
			);
			defaultConfigurationIsVisible = 0;
			defaultConfigurationName = Release;
		};
		776717231FF5B4A1009BE15D /* Build configuration list for PBXNativeTarget "gitHubFun" */ = {
			isa = XCConfigurationList;
			buildConfigurations = (
				776717241FF5B4A1009BE15D /* Debug */,
				776717251FF5B4A1009BE15D /* Release */,
			);
			defaultConfigurationIsVisible = 0;
			defaultConfigurationName = Release;
		};
/* End XCConfigurationList section */
	};
	rootObject = 776717091FF5B4A1009BE15D /* Project object */;
}
